// !$*UTF8*$!
{
	archiveVersion = 1;
	classes = {
	};
	objectVersion = 55;
	objects = {

/* Begin PBXBuildFile section */
		DAFEAF3C27F7CDD4001E24C8 /* AppDelegate.swift in Sources */ = {isa = PBXBuildFile; fileRef = DAFEAF3B27F7CDD4001E24C8 /* AppDelegate.swift */; };
		DAFEAF3E27F7CDD4001E24C8 /* SceneDelegate.swift in Sources */ = {isa = PBXBuildFile; fileRef = DAFEAF3D27F7CDD4001E24C8 /* SceneDelegate.swift */; };
		DAFEAF4027F7CDD4001E24C8 /* ViewController.swift in Sources */ = {isa = PBXBuildFile; fileRef = DAFEAF3F27F7CDD4001E24C8 /* ViewController.swift */; };
		DAFEAF4327F7CDD4001E24C8 /* Main.storyboard in Resources */ = {isa = PBXBuildFile; fileRef = DAFEAF4127F7CDD4001E24C8 /* Main.storyboard */; };
		DAFEAF4527F7CDD5001E24C8 /* Assets.xcassets in Resources */ = {isa = PBXBuildFile; fileRef = DAFEAF4427F7CDD5001E24C8 /* Assets.xcassets */; };
		DAFEAF4827F7CDD5001E24C8 /* LaunchScreen.storyboard in Resources */ = {isa = PBXBuildFile; fileRef = DAFEAF4627F7CDD5001E24C8 /* LaunchScreen.storyboard */; };
		DAFEAF5427F7CE6E001E24C8 /* CollectionTableViewCell.swift in Sources */ = {isa = PBXBuildFile; fileRef = DAFEAF5227F7CE6E001E24C8 /* CollectionTableViewCell.swift */; };
		DAFEAF5527F7CE6E001E24C8 /* CollectionTableViewCell.xib in Resources */ = {isa = PBXBuildFile; fileRef = DAFEAF5327F7CE6E001E24C8 /* CollectionTableViewCell.xib */; };
		DAFEAF5827F7CE9A001E24C8 /* MyCollectionViewCell.swift in Sources */ = {isa = PBXBuildFile; fileRef = DAFEAF5627F7CE9A001E24C8 /* MyCollectionViewCell.swift */; };
		DAFEAF5927F7CE9A001E24C8 /* MyCollectionViewCell.xib in Resources */ = {isa = PBXBuildFile; fileRef = DAFEAF5727F7CE9A001E24C8 /* MyCollectionViewCell.xib */; };
/* End PBXBuildFile section */

/* Begin PBXFileReference section */
		DAFEAF3827F7CDD4001E24C8 /* CollectionCell.app */ = {isa = PBXFileReference; explicitFileType = wrapper.application; includeInIndex = 0; path = CollectionCell.app; sourceTree = BUILT_PRODUCTS_DIR; };
		DAFEAF3B27F7CDD4001E24C8 /* AppDelegate.swift */ = {isa = PBXFileReference; lastKnownFileType = sourcecode.swift; path = AppDelegate.swift; sourceTree = "<group>"; };
		DAFEAF3D27F7CDD4001E24C8 /* SceneDelegate.swift */ = {isa = PBXFileReference; lastKnownFileType = sourcecode.swift; path = SceneDelegate.swift; sourceTree = "<group>"; };
		DAFEAF3F27F7CDD4001E24C8 /* ViewController.swift */ = {isa = PBXFileReference; lastKnownFileType = sourcecode.swift; path = ViewController.swift; sourceTree = "<group>"; };
		DAFEAF4227F7CDD4001E24C8 /* Base */ = {isa = PBXFileReference; lastKnownFileType = file.storyboard; name = Base; path = Base.lproj/Main.storyboard; sourceTree = "<group>"; };
		DAFEAF4427F7CDD5001E24C8 /* Assets.xcassets */ = {isa = PBXFileReference; lastKnownFileType = folder.assetcatalog; path = Assets.xcassets; sourceTree = "<group>"; };
		DAFEAF4727F7CDD5001E24C8 /* Base */ = {isa = PBXFileReference; lastKnownFileType = file.storyboard; name = Base; path = Base.lproj/LaunchScreen.storyboard; sourceTree = "<group>"; };
		DAFEAF4927F7CDD5001E24C8 /* Info.plist */ = {isa = PBXFileReference; lastKnownFileType = text.plist.xml; path = Info.plist; sourceTree = "<group>"; };
		DAFEAF5227F7CE6E001E24C8 /* CollectionTableViewCell.swift */ = {isa = PBXFileReference; lastKnownFileType = sourcecode.swift; path = CollectionTableViewCell.swift; sourceTree = "<group>"; };
		DAFEAF5327F7CE6E001E24C8 /* CollectionTableViewCell.xib */ = {isa = PBXFileReference; lastKnownFileType = file.xib; path = CollectionTableViewCell.xib; sourceTree = "<group>"; };
		DAFEAF5627F7CE9A001E24C8 /* MyCollectionViewCell.swift */ = {isa = PBXFileReference; lastKnownFileType = sourcecode.swift; path = MyCollectionViewCell.swift; sourceTree = "<group>"; };
		DAFEAF5727F7CE9A001E24C8 /* MyCollectionViewCell.xib */ = {isa = PBXFileReference; lastKnownFileType = file.xib; path = MyCollectionViewCell.xib; sourceTree = "<group>"; };
/* End PBXFileReference section */

/* Begin PBXFrameworksBuildPhase section */
		DAFEAF3527F7CDD4001E24C8 /* Frameworks */ = {
			isa = PBXFrameworksBuildPhase;
			buildActionMask = 2147483647;
			files = (
			);
			runOnlyForDeploymentPostprocessing = 0;
		};
/* End PBXFrameworksBuildPhase section */

/* Begin PBXGroup section */
		DAFEAF2F27F7CDD4001E24C8 = {
			isa = PBXGroup;
			children = (
				DAFEAF3A27F7CDD4001E24C8 /* CollectionCell */,
				DAFEAF3927F7CDD4001E24C8 /* Products */,
			);
			sourceTree = "<group>";
		};
		DAFEAF3927F7CDD4001E24C8 /* Products */ = {
			isa = PBXGroup;
			children = (
				DAFEAF3827F7CDD4001E24C8 /* CollectionCell.app */,
			);
			name = Products;
			sourceTree = "<group>";
		};
		DAFEAF3A27F7CDD4001E24C8 /* CollectionCell */ = {
			isa = PBXGroup;
			children = (
				DAFEAF5127F7CE35001E24C8 /* CollectionCell */,
				DAFEAF5027F7CE27001E24C8 /* TableCell */,
				DAFEAF3B27F7CDD4001E24C8 /* AppDelegate.swift */,
				DAFEAF3D27F7CDD4001E24C8 /* SceneDelegate.swift */,
				DAFEAF3F27F7CDD4001E24C8 /* ViewController.swift */,
				DAFEAF4127F7CDD4001E24C8 /* Main.storyboard */,
				DAFEAF4427F7CDD5001E24C8 /* Assets.xcassets */,
				DAFEAF4627F7CDD5001E24C8 /* LaunchScreen.storyboard */,
				DAFEAF4927F7CDD5001E24C8 /* Info.plist */,
			);
			path = CollectionCell;
			sourceTree = "<group>";
		};
		DAFEAF5027F7CE27001E24C8 /* TableCell */ = {
			isa = PBXGroup;
			children = (
				DAFEAF5227F7CE6E001E24C8 /* CollectionTableViewCell.swift */,
				DAFEAF5327F7CE6E001E24C8 /* CollectionTableViewCell.xib */,
			);
			path = TableCell;
			sourceTree = "<group>";
		};
		DAFEAF5127F7CE35001E24C8 /* CollectionCell */ = {
			isa = PBXGroup;
			children = (
				DAFEAF5627F7CE9A001E24C8 /* MyCollectionViewCell.swift */,
				DAFEAF5727F7CE9A001E24C8 /* MyCollectionViewCell.xib */,
			);
			path = CollectionCell;
			sourceTree = "<group>";
		};
/* End PBXGroup section */

/* Begin PBXNativeTarget section */
		DAFEAF3727F7CDD4001E24C8 /* CollectionCell */ = {
			isa = PBXNativeTarget;
			buildConfigurationList = DAFEAF4C27F7CDD5001E24C8 /* Build configuration list for PBXNativeTarget "CollectionCell" */;
			buildPhases = (
				DAFEAF3427F7CDD4001E24C8 /* Sources */,
				DAFEAF3527F7CDD4001E24C8 /* Frameworks */,
				DAFEAF3627F7CDD4001E24C8 /* Resources */,
			);
			buildRules = (
			);
			dependencies = (
			);
			name = CollectionCell;
			productName = CollectionCell;
			productReference = DAFEAF3827F7CDD4001E24C8 /* CollectionCell.app */;
			productType = "com.apple.product-type.application";
		};
/* End PBXNativeTarget section */

/* Begin PBXProject section */
		DAFEAF3027F7CDD4001E24C8 /* Project object */ = {
			isa = PBXProject;
			attributes = {
				BuildIndependentTargetsInParallel = 1;
				LastSwiftUpdateCheck = 1330;
				LastUpgradeCheck = 1330;
				TargetAttributes = {
					DAFEAF3727F7CDD4001E24C8 = {
						CreatedOnToolsVersion = 13.3;
					};
				};
			};
			buildConfigurationList = DAFEAF3327F7CDD4001E24C8 /* Build configuration list for PBXProject "CollectionCell" */;
			compatibilityVersion = "Xcode 13.0";
			developmentRegion = en;
			hasScannedForEncodings = 0;
			knownRegions = (
				en,
				Base,
			);
			mainGroup = DAFEAF2F27F7CDD4001E24C8;
			productRefGroup = DAFEAF3927F7CDD4001E24C8 /* Products */;
			projectDirPath = "";
			projectRoot = "";
			targets = (
				DAFEAF3727F7CDD4001E24C8 /* CollectionCell */,
			);
		};
/* End PBXProject section */

/* Begin PBXResourcesBuildPhase section */
		DAFEAF3627F7CDD4001E24C8 /* Resources */ = {
			isa = PBXResourcesBuildPhase;
			buildActionMask = 2147483647;
			files = (
				DAFEAF5927F7CE9A001E24C8 /* MyCollectionViewCell.xib in Resources */,
				DAFEAF4827F7CDD5001E24C8 /* LaunchScreen.storyboard in Resources */,
				DAFEAF4527F7CDD5001E24C8 /* Assets.xcassets in Resources */,
				DAFEAF4327F7CDD4001E24C8 /* Main.storyboard in Resources */,
				DAFEAF5527F7CE6E001E24C8 /* CollectionTableViewCell.xib in Resources */,
			);
			runOnlyForDeploymentPostprocessing = 0;
		};
/* End PBXResourcesBuildPhase section */

/* Begin PBXSourcesBuildPhase section */
		DAFEAF3427F7CDD4001E24C8 /* Sources */ = {
			isa = PBXSourcesBuildPhase;
			buildActionMask = 2147483647;
			files = (
				DAFEAF4027F7CDD4001E24C8 /* ViewController.swift in Sources */,
				DAFEAF5827F7CE9A001E24C8 /* MyCollectionViewCell.swift in Sources */,
				DAFEAF3C27F7CDD4001E24C8 /* AppDelegate.swift in Sources */,
				DAFEAF3E27F7CDD4001E24C8 /* SceneDelegate.swift in Sources */,
				DAFEAF5427F7CE6E001E24C8 /* CollectionTableViewCell.swift in Sources */,
			);
			runOnlyForDeploymentPostprocessing = 0;
		};
/* End PBXSourcesBuildPhase section */

/* Begin PBXVariantGroup section */
		DAFEAF4127F7CDD4001E24C8 /* Main.storyboard */ = {
			isa = PBXVariantGroup;
			children = (
				DAFEAF4227F7CDD4001E24C8 /* Base */,
			);
			name = Main.storyboard;
			sourceTree = "<group>";
		};
		DAFEAF4627F7CDD5001E24C8 /* LaunchScreen.storyboard */ = {
			isa = PBXVariantGroup;
			children = (
				DAFEAF4727F7CDD5001E24C8 /* Base */,
			);
			name = LaunchScreen.storyboard;
			sourceTree = "<group>";
		};
/* End PBXVariantGroup section */

/* Begin XCBuildConfiguration section */
		DAFEAF4A27F7CDD5001E24C8 /* Debug */ = {
			isa = XCBuildConfiguration;
			buildSettings = {
				ALWAYS_SEARCH_USER_PATHS = NO;
				CLANG_ANALYZER_NONNULL = YES;
				CLANG_ANALYZER_NUMBER_OBJECT_CONVERSION = YES_AGGRESSIVE;
				CLANG_CXX_LANGUAGE_STANDARD = "gnu++17";
				CLANG_ENABLE_MODULES = YES;
				CLANG_ENABLE_OBJC_ARC = YES;
				CLANG_ENABLE_OBJC_WEAK = YES;
				CLANG_WARN_BLOCK_CAPTURE_AUTORELEASING = YES;
				CLANG_WARN_BOOL_CONVERSION = YES;
				CLANG_WARN_COMMA = YES;
				CLANG_WARN_CONSTANT_CONVERSION = YES;
				CLANG_WARN_DEPRECATED_OBJC_IMPLEMENTATIONS = YES;
				CLANG_WARN_DIRECT_OBJC_ISA_USAGE = YES_ERROR;
				CLANG_WARN_DOCUMENTATION_COMMENTS = YES;
				CLANG_WARN_EMPTY_BODY = YES;
				CLANG_WARN_ENUM_CONVERSION = YES;
				CLANG_WARN_INFINITE_RECURSION = YES;
				CLANG_WARN_INT_CONVERSION = YES;
				CLANG_WARN_NON_LITERAL_NULL_CONVERSION = YES;
				CLANG_WARN_OBJC_IMPLICIT_RETAIN_SELF = YES;
				CLANG_WARN_OBJC_LITERAL_CONVERSION = YES;
				CLANG_WARN_OBJC_ROOT_CLASS = YES_ERROR;
				CLANG_WARN_QUOTED_INCLUDE_IN_FRAMEWORK_HEADER = YES;
				CLANG_WARN_RANGE_LOOP_ANALYSIS = YES;
				CLANG_WARN_STRICT_PROTOTYPES = YES;
				CLANG_WARN_SUSPICIOUS_MOVE = YES;
				CLANG_WARN_UNGUARDED_AVAILABILITY = YES_AGGRESSIVE;
				CLANG_WARN_UNREACHABLE_CODE = YES;
				CLANG_WARN__DUPLICATE_METHOD_MATCH = YES;
				COPY_PHASE_STRIP = NO;
				DEBUG_INFORMATION_FORMAT = dwarf;
				ENABLE_STRICT_OBJC_MSGSEND = YES;
				ENABLE_TESTABILITY = YES;
				GCC_C_LANGUAGE_STANDARD = gnu11;
				GCC_DYNAMIC_NO_PIC = NO;
				GCC_NO_COMMON_BLOCKS = YES;
				GCC_OPTIMIZATION_LEVEL = 0;
				GCC_PREPROCESSOR_DEFINITIONS = (
					"DEBUG=1",
					"$(inherited)",
				);
				GCC_WARN_64_TO_32_BIT_CONVERSION = YES;
				GCC_WARN_ABOUT_RETURN_TYPE = YES_ERROR;
				GCC_WARN_UNDECLARED_SELECTOR = YES;
				GCC_WARN_UNINITIALIZED_AUTOS = YES_AGGRESSIVE;
				GCC_WARN_UNUSED_FUNCTION = YES;
				GCC_WARN_UNUSED_VARIABLE = YES;
				IPHONEOS_DEPLOYMENT_TARGET = 15.4;
				MTL_ENABLE_DEBUG_INFO = INCLUDE_SOURCE;
				MTL_FAST_MATH = YES;
				ONLY_ACTIVE_ARCH = YES;
				SDKROOT = iphoneos;
				SWIFT_ACTIVE_COMPILATION_CONDITIONS = DEBUG;
				SWIFT_OPTIMIZATION_LEVEL = "-Onone";
			};
			name = Debug;
		};
		DAFEAF4B27F7CDD5001E24C8 /* Release */ = {
			isa = XCBuildConfiguration;
			buildSettings = {
				ALWAYS_SEARCH_USER_PATHS = NO;
				CLANG_ANALYZER_NONNULL = YES;
				CLANG_ANALYZER_NUMBER_OBJECT_CONVERSION = YES_AGGRESSIVE;
				CLANG_CXX_LANGUAGE_STANDARD = "gnu++17";
				CLANG_ENABLE_MODULES = YES;
				CLANG_ENABLE_OBJC_ARC = YES;
				CLANG_ENABLE_OBJC_WEAK = YES;
				CLANG_WARN_BLOCK_CAPTURE_AUTORELEASING = YES;
				CLANG_WARN_BOOL_CONVERSION = YES;
				CLANG_WARN_COMMA = YES;
				CLANG_WARN_CONSTANT_CONVERSION = YES;
				CLANG_WARN_DEPRECATED_OBJC_IMPLEMENTATIONS = YES;
				CLANG_WARN_DIRECT_OBJC_ISA_USAGE = YES_ERROR;
				CLANG_WARN_DOCUMENTATION_COMMENTS = YES;
				CLANG_WARN_EMPTY_BODY = YES;
				CLANG_WARN_ENUM_CONVERSION = YES;
				CLANG_WARN_INFINITE_RECURSION = YES;
				CLANG_WARN_INT_CONVERSION = YES;
				CLANG_WARN_NON_LITERAL_NULL_CONVERSION = YES;
				CLANG_WARN_OBJC_IMPLICIT_RETAIN_SELF = YES;
				CLANG_WARN_OBJC_LITERAL_CONVERSION = YES;
				CLANG_WARN_OBJC_ROOT_CLASS = YES_ERROR;
				CLANG_WARN_QUOTED_INCLUDE_IN_FRAMEWORK_HEADER = YES;
				CLANG_WARN_RANGE_LOOP_ANALYSIS = YES;
				CLANG_WARN_STRICT_PROTOTYPES = YES;
				CLANG_WARN_SUSPICIOUS_MOVE = YES;
				CLANG_WARN_UNGUARDED_AVAILABILITY = YES_AGGRESSIVE;
				CLANG_WARN_UNREACHABLE_CODE = YES;
				CLANG_WARN__DUPLICATE_METHOD_MATCH = YES;
				COPY_PHASE_STRIP = NO;
				DEBUG_INFORMATION_FORMAT = "dwarf-with-dsym";
				ENABLE_NS_ASSERTIONS = NO;
				ENABLE_STRICT_OBJC_MSGSEND = YES;
				GCC_C_LANGUAGE_STANDARD = gnu11;
				GCC_NO_COMMON_BLOCKS = YES;
				GCC_WARN_64_TO_32_BIT_CONVERSION = YES;
				GCC_WARN_ABOUT_RETURN_TYPE = YES_ERROR;
				GCC_WARN_UNDECLARED_SELECTOR = YES;
				GCC_WARN_UNINITIALIZED_AUTOS = YES_AGGRESSIVE;
				GCC_WARN_UNUSED_FUNCTION = YES;
				GCC_WARN_UNUSED_VARIABLE = YES;
				IPHONEOS_DEPLOYMENT_TARGET = 15.4;
				MTL_ENABLE_DEBUG_INFO = NO;
				MTL_FAST_MATH = YES;
				SDKROOT = iphoneos;
				SWIFT_COMPILATION_MODE = wholemodule;
				SWIFT_OPTIMIZATION_LEVEL = "-O";
				VALIDATE_PRODUCT = YES;
			};
			name = Release;
		};
		DAFEAF4D27F7CDD5001E24C8 /* Debug */ = {
			isa = XCBuildConfiguration;
			buildSettings = {
				ASSETCATALOG_COMPILER_APPICON_NAME = AppIcon;
				ASSETCATALOG_COMPILER_GLOBAL_ACCENT_COLOR_NAME = AccentColor;
				CODE_SIGN_STYLE = Automatic;
				CURRENT_PROJECT_VERSION = 1;
				DEVELOPMENT_TEAM = 376TJVYKCD;
				GENERATE_INFOPLIST_FILE = YES;
				INFOPLIST_FILE = CollectionCell/Info.plist;
				INFOPLIST_KEY_CFBundleDisplayName = collecitoncell;
				INFOPLIST_KEY_UIApplicationSupportsIndirectInputEvents = YES;
				INFOPLIST_KEY_UILaunchStoryboardName = LaunchScreen;
				INFOPLIST_KEY_UIMainStoryboardFile = Main;
				INFOPLIST_KEY_UISupportedInterfaceOrientations_iPad = "UIInterfaceOrientationPortrait UIInterfaceOrientationPortraitUpsideDown UIInterfaceOrientationLandscapeLeft UIInterfaceOrientationLandscapeRight";
				INFOPLIST_KEY_UISupportedInterfaceOrientations_iPhone = "UIInterfaceOrientationPortrait UIInterfaceOrientationLandscapeLeft UIInterfaceOrientationLandscapeRight";
				IPHONEOS_DEPLOYMENT_TARGET = 15.4;
				LD_RUNPATH_SEARCH_PATHS = (
					"$(inherited)",
					"@executable_path/Frameworks",
				);
				MARKETING_VERSION = 1.0;
				PRODUCT_BUNDLE_IDENTIFIER = cellectioncell;
				PRODUCT_NAME = "$(TARGET_NAME)";
				SWIFT_EMIT_LOC_STRINGS = YES;
				SWIFT_VERSION = 5.0;
				TARGETED_DEVICE_FAMILY = 1;
			};
			name = Debug;
		};
		DAFEAF4E27F7CDD5001E24C8 /* Release */ = {
			isa = XCBuildConfiguration;
			buildSettings = {
				ASSETCATALOG_COMPILER_APPICON_NAME = AppIcon;
				ASSETCATALOG_COMPILER_GLOBAL_ACCENT_COLOR_NAME = AccentColor;
				CODE_SIGN_STYLE = Automatic;
				CURRENT_PROJECT_VERSION = 1;
				DEVELOPMENT_TEAM = 376TJVYKCD;
				GENERATE_INFOPLIST_FILE = YES;
				INFOPLIST_FILE = CollectionCell/Info.plist;
				INFOPLIST_KEY_CFBundleDisplayName = collecitoncell;
				INFOPLIST_KEY_UIApplicationSupportsIndirectInputEvents = YES;
				INFOPLIST_KEY_UILaunchStoryboardName = LaunchScreen;
				INFOPLIST_KEY_UIMainStoryboardFile = Main;
				INFOPLIST_KEY_UISupportedInterfaceOrientations_iPad = "UIInterfaceOrientationPortrait UIInterfaceOrientationPortraitUpsideDown UIInterfaceOrientationLandscapeLeft UIInterfaceOrientationLandscapeRight";
				INFOPLIST_KEY_UISupportedInterfaceOrientations_iPhone = "UIInterfaceOrientationPortrait UIInterfaceOrientationLandscapeLeft UIInterfaceOrientationLandscapeRight";
				IPHONEOS_DEPLOYMENT_TARGET = 15.4;
				LD_RUNPATH_SEARCH_PATHS = (
					"$(inherited)",
					"@executable_path/Frameworks",
				);
				MARKETING_VERSION = 1.0;
				PRODUCT_BUNDLE_IDENTIFIER = cellectioncell;
				PRODUCT_NAME = "$(TARGET_NAME)";
				SWIFT_EMIT_LOC_STRINGS = YES;
				SWIFT_VERSION = 5.0;
				TARGETED_DEVICE_FAMILY = 1;
			};
			name = Release;
		};
/* End XCBuildConfiguration section */

/* Begin XCConfigurationList section */
		DAFEAF3327F7CDD4001E24C8 /* Build configuration list for PBXProject "CollectionCell" */ = {
			isa = XCConfigurationList;
			buildConfigurations = (
				DAFEAF4A27F7CDD5001E24C8 /* Debug */,
				DAFEAF4B27F7CDD5001E24C8 /* Release */,
			);
			defaultConfigurationIsVisible = 0;
			defaultConfigurationName = Release;
		};
		DAFEAF4C27F7CDD5001E24C8 /* Build configuration list for PBXNativeTarget "CollectionCell" */ = {
			isa = XCConfigurationList;
			buildConfigurations = (
				DAFEAF4D27F7CDD5001E24C8 /* Debug */,
				DAFEAF4E27F7CDD5001E24C8 /* Release */,
			);
			defaultConfigurationIsVisible = 0;
			defaultConfigurationName = Release;
		};
/* End XCConfigurationList section */
	};
	rootObject = DAFEAF3027F7CDD4001E24C8 /* Project object */;
}
